
Microsoft Visual Studio Solution File, Format Version 12.00
# Visual Studio Version 17
VisualStudioVersion = 17.5.33516.290
MinimumVisualStudioVersion = 10.0.40219.1
Project("{FAE04EC0-301F-11D3-BF4B-00C04F79EFBC}") = "RevisaoGeral1Bim", "RevisaoGeral1Bim\RevisaoGeral1Bim.csproj", "{F92BBB0F-0583-4F55-BB89-4AB94AB37D29}"
EndProject
Project("{FAE04EC0-301F-11D3-BF4B-00C04F79EFBC}") = "RevisaoWindowsForms", "RevisaoWindowsForms\RevisaoWindowsForms.csproj", "{83B156C6-BCD3-42EA-9A39-4EFB8719128E}"
EndProject
Global
	GlobalSection(SolutionConfigurationPlatforms) = preSolution
		Debug|Any CPU = Debug|Any CPU
		Release|Any CPU = Release|Any CPU
	EndGlobalSection
	GlobalSection(ProjectConfigurationPlatforms) = postSolution
		{F92BBB0F-0583-4F55-BB89-4AB94AB37D29}.Debug|Any CPU.ActiveCfg = Debug|Any CPU
		{F92BBB0F-0583-4F55-BB89-4AB94AB37D29}.Debug|Any CPU.Build.0 = Debug|Any CPU
		{F92BBB0F-0583-4F55-BB89-4AB94AB37D29}.Release|Any CPU.ActiveCfg = Release|Any CPU
		{F92BBB0F-0583-4F55-BB89-4AB94AB37D29}.Release|Any CPU.Build.0 = Release|Any CPU
		{83B156C6-BCD3-42EA-9A39-4EFB8719128E}.Debug|Any CPU.ActiveCfg = Debug|Any CPU
		{83B156C6-BCD3-42EA-9A39-4EFB8719128E}.Debug|Any CPU.Build.0 = Debug|Any CPU
		{83B156C6-BCD3-42EA-9A39-4EFB8719128E}.Release|Any CPU.ActiveCfg = Release|Any CPU
		{83B156C6-BCD3-42EA-9A39-4EFB8719128E}.Release|Any CPU.Build.0 = Release|Any CPU
	EndGlobalSection
	GlobalSection(SolutionProperties) = preSolution
		HideSolutionNode = FALSE
	EndGlobalSection
	GlobalSection(ExtensibilityGlobals) = postSolution
		SolutionGuid = {0A122872-EFF9-4C93-82DC-F6A8DE4AFE72}
	EndGlobalSection
EndGlobal
